
Microsoft Visual Studio Solution File, Format Version 12.00
# Visual Studio Version 16
VisualStudioVersion = 16.0.30611.23
MinimumVisualStudioVersion = 10.0.40219.1
Project("{2150E333-8FDC-42A3-9474-1A3956D46DE8}") = "doc", "doc", "{68333F7F-D9B8-4215-AE46-6B3AFF14FFBB}"
	ProjectSection(SolutionItems) = preProject
		README.md = README.md
	EndProjectSection
EndProject
Project("{9A19103F-16F7-4668-BE54-9A1E7A4F7556}") = "i3dm.export.tests", "tests\i3dm.export.tests.csproj", "{44626E16-CFA5-4A3F-9812-0DF105C6FD7F}"
EndProject
Project("{9A19103F-16F7-4668-BE54-9A1E7A4F7556}") = "i3dm.export", "src\i3dm.export.csproj", "{D4272C32-52DC-421C-B8C9-4B56450A0297}"
EndProject
Global
	GlobalSection(SolutionConfigurationPlatforms) = preSolution
		Debug|Any CPU = Debug|Any CPU
		Release|Any CPU = Release|Any CPU
	EndGlobalSection
	GlobalSection(ProjectConfigurationPlatforms) = postSolution
		{44626E16-CFA5-4A3F-9812-0DF105C6FD7F}.Debug|Any CPU.ActiveCfg = Debug|Any CPU
		{44626E16-CFA5-4A3F-9812-0DF105C6FD7F}.Debug|Any CPU.Build.0 = Debug|Any CPU
		{44626E16-CFA5-4A3F-9812-0DF105C6FD7F}.Release|Any CPU.ActiveCfg = Release|Any CPU
		{44626E16-CFA5-4A3F-9812-0DF105C6FD7F}.Release|Any CPU.Build.0 = Release|Any CPU
		{D4272C32-52DC-421C-B8C9-4B56450A0297}.Debug|Any CPU.ActiveCfg = Debug|Any CPU
		{D4272C32-52DC-421C-B8C9-4B56450A0297}.Debug|Any CPU.Build.0 = Debug|Any CPU
		{D4272C32-52DC-421C-B8C9-4B56450A0297}.Release|Any CPU.ActiveCfg = Release|Any CPU
		{D4272C32-52DC-421C-B8C9-4B56450A0297}.Release|Any CPU.Build.0 = Release|Any CPU
	EndGlobalSection
	GlobalSection(SolutionProperties) = preSolution
		HideSolutionNode = FALSE
	EndGlobalSection
	GlobalSection(ExtensibilityGlobals) = postSolution
		SolutionGuid = {63914EC0-30CB-434B-A3D1-D1F80F413BE4}
	EndGlobalSection
EndGlobal
